
Microsoft Visual Studio Solution File, Format Version 12.00
# Visual Studio Version 17
VisualStudioVersion = 17.4.33403.182
MinimumVisualStudioVersion = 10.0.40219.1
Project("{FAE04EC0-301F-11D3-BF4B-00C04F79EFBC}") = "Humica", "Humica\Humica.csproj", "{B46C3EFB-DE46-4345-88EA-F6C5311C6C29}"
EndProject
Project("{FAE04EC0-301F-11D3-BF4B-00C04F79EFBC}") = "Humica.Core", "Humica.Core\Humica.Core.csproj", "{C6F05CFF-DEC9-428A-8B69-7B899C90D001}"
EndProject
Project("{FAE04EC0-301F-11D3-BF4B-00C04F79EFBC}") = "Humica.Logic", "Humica.Logic\Humica.Logic.csproj", "{3F73DA9D-FCAA-44DE-9A5E-2D5769F062C2}"
EndProject
Project("{FAE04EC0-301F-11D3-BF4B-00C04F79EFBC}") = "Humica.Training", "Humica.Training\Humica.Training.csproj", "{D427287B-327F-4DDA-BAD1-69F50AB6B7FA}"
EndProject
Project("{FAE04EC0-301F-11D3-BF4B-00C04F79EFBC}") = "Humica.Performance", "Humica.Performance\Humica.Performance.csproj", "{5C11A9EE-ADCC-4B5A-8D20-BFDCF9BB9839}"
EndProject
Project("{FAE04EC0-301F-11D3-BF4B-00C04F79EFBC}") = "Integration.API", "Integration.API\Integration.API.csproj", "{DFCF1AFD-7FA2-41B1-9763-C37C3EFBB472}"
EndProject
Project("{FAE04EC0-301F-11D3-BF4B-00C04F79EFBC}") = "Humica.Service", "Humica.Service\Humica.Service.csproj", "{765C2C09-7C68-4E5C-862F-755177FD2FEB}"
EndProject
Project("{FAE04EC0-301F-11D3-BF4B-00C04F79EFBC}") = "Humica.Attendance", "Humica.Attendance\Humica.Attendance.csproj", "{5C2AAC49-9C79-45AD-AE9F-58833148A72C}"
EndProject
Project("{FAE04EC0-301F-11D3-BF4B-00C04F79EFBC}") = "Humica.Employee", "Humica.Employee\Humica.Employee.csproj", "{43E5F42A-F932-462D-AF18-18F5D3E7F299}"
EndProject
Project("{FAE04EC0-301F-11D3-BF4B-00C04F79EFBC}") = "Humica.ControllerHost", "Humica.ControllerHost\Humica.ControllerHost.csproj", "{175004F3-5AF3-4A31-8FC1-19B92C3F3020}"
EndProject
Global
	GlobalSection(SolutionConfigurationPlatforms) = preSolution
		Debug|Any CPU = Debug|Any CPU
		Release|Any CPU = Release|Any CPU
	EndGlobalSection
	GlobalSection(ProjectConfigurationPlatforms) = postSolution
		{B46C3EFB-DE46-4345-88EA-F6C5311C6C29}.Debug|Any CPU.ActiveCfg = Debug|Any CPU
		{B46C3EFB-DE46-4345-88EA-F6C5311C6C29}.Debug|Any CPU.Build.0 = Debug|Any CPU
		{B46C3EFB-DE46-4345-88EA-F6C5311C6C29}.Release|Any CPU.ActiveCfg = Release|Any CPU
		{B46C3EFB-DE46-4345-88EA-F6C5311C6C29}.Release|Any CPU.Build.0 = Release|Any CPU
		{C6F05CFF-DEC9-428A-8B69-7B899C90D001}.Debug|Any CPU.ActiveCfg = Debug|Any CPU
		{C6F05CFF-DEC9-428A-8B69-7B899C90D001}.Debug|Any CPU.Build.0 = Debug|Any CPU
		{C6F05CFF-DEC9-428A-8B69-7B899C90D001}.Release|Any CPU.ActiveCfg = Release|Any CPU
		{C6F05CFF-DEC9-428A-8B69-7B899C90D001}.Release|Any CPU.Build.0 = Release|Any CPU
		{3F73DA9D-FCAA-44DE-9A5E-2D5769F062C2}.Debug|Any CPU.ActiveCfg = Debug|Any CPU
		{3F73DA9D-FCAA-44DE-9A5E-2D5769F062C2}.Debug|Any CPU.Build.0 = Debug|Any CPU
		{3F73DA9D-FCAA-44DE-9A5E-2D5769F062C2}.Release|Any CPU.ActiveCfg = Release|Any CPU
		{3F73DA9D-FCAA-44DE-9A5E-2D5769F062C2}.Release|Any CPU.Build.0 = Release|Any CPU
		{D427287B-327F-4DDA-BAD1-69F50AB6B7FA}.Debug|Any CPU.ActiveCfg = Debug|Any CPU
		{D427287B-327F-4DDA-BAD1-69F50AB6B7FA}.Debug|Any CPU.Build.0 = Debug|Any CPU
		{D427287B-327F-4DDA-BAD1-69F50AB6B7FA}.Release|Any CPU.ActiveCfg = Release|Any CPU
		{D427287B-327F-4DDA-BAD1-69F50AB6B7FA}.Release|Any CPU.Build.0 = Release|Any CPU
		{5C11A9EE-ADCC-4B5A-8D20-BFDCF9BB9839}.Debug|Any CPU.ActiveCfg = Debug|Any CPU
		{5C11A9EE-ADCC-4B5A-8D20-BFDCF9BB9839}.Debug|Any CPU.Build.0 = Debug|Any CPU
		{5C11A9EE-ADCC-4B5A-8D20-BFDCF9BB9839}.Release|Any CPU.ActiveCfg = Release|Any CPU
		{5C11A9EE-ADCC-4B5A-8D20-BFDCF9BB9839}.Release|Any CPU.Build.0 = Release|Any CPU
		{DFCF1AFD-7FA2-41B1-9763-C37C3EFBB472}.Debug|Any CPU.ActiveCfg = Debug|Any CPU
		{DFCF1AFD-7FA2-41B1-9763-C37C3EFBB472}.Debug|Any CPU.Build.0 = Debug|Any CPU
		{DFCF1AFD-7FA2-41B1-9763-C37C3EFBB472}.Release|Any CPU.ActiveCfg = Release|Any CPU
		{DFCF1AFD-7FA2-41B1-9763-C37C3EFBB472}.Release|Any CPU.Build.0 = Release|Any CPU
		{765C2C09-7C68-4E5C-862F-755177FD2FEB}.Debug|Any CPU.ActiveCfg = Debug|Any CPU
		{765C2C09-7C68-4E5C-862F-755177FD2FEB}.Debug|Any CPU.Build.0 = Debug|Any CPU
		{765C2C09-7C68-4E5C-862F-755177FD2FEB}.Release|Any CPU.ActiveCfg = Release|Any CPU
		{765C2C09-7C68-4E5C-862F-755177FD2FEB}.Release|Any CPU.Build.0 = Release|Any CPU
		{5C2AAC49-9C79-45AD-AE9F-58833148A72C}.Debug|Any CPU.ActiveCfg = Debug|Any CPU
		{5C2AAC49-9C79-45AD-AE9F-58833148A72C}.Debug|Any CPU.Build.0 = Debug|Any CPU
		{5C2AAC49-9C79-45AD-AE9F-58833148A72C}.Release|Any CPU.ActiveCfg = Release|Any CPU
		{5C2AAC49-9C79-45AD-AE9F-58833148A72C}.Release|Any CPU.Build.0 = Release|Any CPU
		{43E5F42A-F932-462D-AF18-18F5D3E7F299}.Debug|Any CPU.ActiveCfg = Debug|Any CPU
		{43E5F42A-F932-462D-AF18-18F5D3E7F299}.Debug|Any CPU.Build.0 = Debug|Any CPU
		{43E5F42A-F932-462D-AF18-18F5D3E7F299}.Release|Any CPU.ActiveCfg = Release|Any CPU
		{43E5F42A-F932-462D-AF18-18F5D3E7F299}.Release|Any CPU.Build.0 = Release|Any CPU
		{175004F3-5AF3-4A31-8FC1-19B92C3F3020}.Debug|Any CPU.ActiveCfg = Debug|Any CPU
		{175004F3-5AF3-4A31-8FC1-19B92C3F3020}.Debug|Any CPU.Build.0 = Debug|Any CPU
		{175004F3-5AF3-4A31-8FC1-19B92C3F3020}.Release|Any CPU.ActiveCfg = Release|Any CPU
		{175004F3-5AF3-4A31-8FC1-19B92C3F3020}.Release|Any CPU.Build.0 = Release|Any CPU
	EndGlobalSection
	GlobalSection(SolutionProperties) = preSolution
		HideSolutionNode = FALSE
	EndGlobalSection
	GlobalSection(ExtensibilityGlobals) = postSolution
		SolutionGuid = {6BEB17C6-BDDC-44B5-AA2F-49D27856430B}
	EndGlobalSection
EndGlobal
